{
  "originHash" : "a5958829ba14188beab585fddd09f60d798ef04351d12f558fac04a512808884",
  "pins" : [
    {
      "identity" : "keychain-password-store-ios",
      "kind" : "remoteSourceControl",
      "location" : "https://github.com/CruGlobal/keychain-password-store-ios.git",
      "state" : {
        "revision" : "dbebb89b71dd5332679bdd01a0b4c6368bdb8792",
        "version" : "1.1.0"
      }
    },
    {
      "identity" : "okta-oidc-ios",
      "kind" : "remoteSourceControl",
      "location" : "https://github.com/okta/okta-oidc-ios.git",
      "state" : {
        "revision" : "ff0b914c25f0638a08c837d433841d4fa22a79cc",
        "version" : "3.11.7"
      }
    },
    {
      "identity" : "request-operation-ios",
      "kind" : "remoteSourceControl",
      "location" : "https://github.com/CruGlobal/request-operation-ios.git",
      "state" : {
        "revision" : "6f92a3caf62deca98a0f24008f3f586999e9e667",
        "version" : "1.13.3"
      }
    }
  ],
  "version" : 3
}
