{
  "pins" : [
    {
      "identity" : "keychain-password-store-ios",
      "kind" : "remoteSourceControl",
      "location" : "https://github.com/CruGlobal/keychain-password-store-ios.git",
      "state" : {
        "revision" : "d5b628d64147828e305bcf4bb1fffacf9ce56a5c",
        "version" : "1.0.3"
      }
    },
    {
      "identity" : "okta-oidc-ios",
      "kind" : "remoteSourceControl",
      "location" : "https://github.com/okta/okta-oidc-ios.git",
      "state" : {
        "revision" : "ff0b914c25f0638a08c837d433841d4fa22a79cc",
        "version" : "3.11.7"
      }
    },
    {
      "identity" : "request-operation-ios",
      "kind" : "remoteSourceControl",
      "location" : "https://github.com/CruGlobal/request-operation-ios.git",
      "state" : {
        "revision" : "cb2edf44a67e94023c723adc4661bcf551dc5b94",
        "version" : "1.12.6"
      }
    }
  ],
  "version" : 2
}
