{
  "pins" : [
    {
      "identity" : "keychain-password-store-ios",
      "kind" : "remoteSourceControl",
      "location" : "https://github.com/CruGlobal/keychain-password-store-ios.git",
      "state" : {
        "revision" : "d5b628d64147828e305bcf4bb1fffacf9ce56a5c",
        "version" : "1.0.3"
      }
    },
    {
      "identity" : "okta-oidc-ios",
      "kind" : "remoteSourceControl",
      "location" : "https://github.com/okta/okta-oidc-ios.git",
      "state" : {
        "revision" : "03439c95d16c44831ff12df664e3eae555985923",
        "version" : "3.11.5"
      }
    },
    {
      "identity" : "request-operation-ios",
      "kind" : "remoteSourceControl",
      "location" : "https://github.com/CruGlobal/request-operation-ios.git",
      "state" : {
        "revision" : "5b1cfd0e65c3091163ae0fae969f85364db0c8d2",
        "version" : "1.10.0"
      }
    }
  ],
  "version" : 2
}
