// !$*UTF8*$!
{
	archiveVersion = 1;
	classes = {
	};
	objectVersion = 56;
	objects = {

/* Begin PBXBuildFile section */
		4573D145294CB03B00E575EE /* OAuth in Frameworks */ = {isa = PBXBuildFile; productRef = 4573D144294CB03B00E575EE /* OAuth */; };
		45BB6536294BF6A8000ADE4B /* Assets.xcassets in Resources */ = {isa = PBXBuildFile; fileRef = 45BB6535294BF6A8000ADE4B /* Assets.xcassets */; };
		45BB653A294BF6A8000ADE4B /* Preview Assets.xcassets in Resources */ = {isa = PBXBuildFile; fileRef = 45BB6539294BF6A8000ADE4B /* Preview Assets.xcassets */; };
		45BB655D294BF6FB000ADE4B /* AppDelegate.swift in Sources */ = {isa = PBXBuildFile; fileRef = 45BB655C294BF6FB000ADE4B /* AppDelegate.swift */; };
		45BB655F294BF84B000ADE4B /* LaunchScreen.storyboard in Resources */ = {isa = PBXBuildFile; fileRef = 45BB655E294BF84B000ADE4B /* LaunchScreen.storyboard */; };
/* End PBXBuildFile section */

/* Begin PBXContainerItemProxy section */
		45BB6540294BF6A8000ADE4B /* PBXContainerItemProxy */ = {
			isa = PBXContainerItemProxy;
			containerPortal = 45BB6526294BF6A7000ADE4B /* Project object */;
			proxyType = 1;
			remoteGlobalIDString = 45BB652D294BF6A7000ADE4B;
			remoteInfo = OAuthExample;
		};
		45BB654A294BF6A8000ADE4B /* PBXContainerItemProxy */ = {
			isa = PBXContainerItemProxy;
			containerPortal = 45BB6526294BF6A7000ADE4B /* Project object */;
			proxyType = 1;
			remoteGlobalIDString = 45BB652D294BF6A7000ADE4B;
			remoteInfo = OAuthExample;
		};
/* End PBXContainerItemProxy section */

/* Begin PBXFileReference section */
		4573D142294CADB900E575EE /* oauth-ios */ = {isa = PBXFileReference; lastKnownFileType = wrapper; name = "oauth-ios"; path = ..; sourceTree = "<group>"; };
		45BB652E294BF6A7000ADE4B /* OAuthExample.app */ = {isa = PBXFileReference; explicitFileType = wrapper.application; includeInIndex = 0; path = OAuthExample.app; sourceTree = BUILT_PRODUCTS_DIR; };
		45BB6535294BF6A8000ADE4B /* Assets.xcassets */ = {isa = PBXFileReference; lastKnownFileType = folder.assetcatalog; path = Assets.xcassets; sourceTree = "<group>"; };
		45BB6537294BF6A8000ADE4B /* OAuthExample.entitlements */ = {isa = PBXFileReference; lastKnownFileType = text.plist.entitlements; path = OAuthExample.entitlements; sourceTree = "<group>"; };
		45BB6539294BF6A8000ADE4B /* Preview Assets.xcassets */ = {isa = PBXFileReference; lastKnownFileType = folder.assetcatalog; path = "Preview Assets.xcassets"; sourceTree = "<group>"; };
		45BB653F294BF6A8000ADE4B /* OAuthExampleTests.xctest */ = {isa = PBXFileReference; explicitFileType = wrapper.cfbundle; includeInIndex = 0; path = OAuthExampleTests.xctest; sourceTree = BUILT_PRODUCTS_DIR; };
		45BB6549294BF6A8000ADE4B /* OAuthExampleUITests.xctest */ = {isa = PBXFileReference; explicitFileType = wrapper.cfbundle; includeInIndex = 0; path = OAuthExampleUITests.xctest; sourceTree = BUILT_PRODUCTS_DIR; };
		45BB655C294BF6FB000ADE4B /* AppDelegate.swift */ = {isa = PBXFileReference; lastKnownFileType = sourcecode.swift; path = AppDelegate.swift; sourceTree = "<group>"; };
		45BB655E294BF84B000ADE4B /* LaunchScreen.storyboard */ = {isa = PBXFileReference; fileEncoding = 4; lastKnownFileType = file.storyboard; path = LaunchScreen.storyboard; sourceTree = "<group>"; };
		45BB6560294BF87D000ADE4B /* Info.plist */ = {isa = PBXFileReference; lastKnownFileType = text.plist; path = Info.plist; sourceTree = "<group>"; };
/* End PBXFileReference section */

/* Begin PBXFrameworksBuildPhase section */
		45BB652B294BF6A7000ADE4B /* Frameworks */ = {
			isa = PBXFrameworksBuildPhase;
			buildActionMask = 2147483647;
			files = (
				4573D145294CB03B00E575EE /* OAuth in Frameworks */,
			);
			runOnlyForDeploymentPostprocessing = 0;
		};
		45BB653C294BF6A8000ADE4B /* Frameworks */ = {
			isa = PBXFrameworksBuildPhase;
			buildActionMask = 2147483647;
			files = (
			);
			runOnlyForDeploymentPostprocessing = 0;
		};
		45BB6546294BF6A8000ADE4B /* Frameworks */ = {
			isa = PBXFrameworksBuildPhase;
			buildActionMask = 2147483647;
			files = (
			);
			runOnlyForDeploymentPostprocessing = 0;
		};
/* End PBXFrameworksBuildPhase section */

/* Begin PBXGroup section */
		4573D141294CADB900E575EE /* Packages */ = {
			isa = PBXGroup;
			children = (
				4573D142294CADB900E575EE /* oauth-ios */,
			);
			name = Packages;
			sourceTree = "<group>";
		};
		4573D143294CB03B00E575EE /* Frameworks */ = {
			isa = PBXGroup;
			children = (
			);
			name = Frameworks;
			sourceTree = "<group>";
		};
		45BB6525294BF6A7000ADE4B = {
			isa = PBXGroup;
			children = (
				4573D141294CADB900E575EE /* Packages */,
				45BB6530294BF6A7000ADE4B /* OAuthExample */,
				45BB6542294BF6A8000ADE4B /* OAuthExampleTests */,
				45BB654C294BF6A8000ADE4B /* OAuthExampleUITests */,
				45BB652F294BF6A7000ADE4B /* Products */,
				4573D143294CB03B00E575EE /* Frameworks */,
			);
			sourceTree = "<group>";
		};
		45BB652F294BF6A7000ADE4B /* Products */ = {
			isa = PBXGroup;
			children = (
				45BB652E294BF6A7000ADE4B /* OAuthExample.app */,
				45BB653F294BF6A8000ADE4B /* OAuthExampleTests.xctest */,
				45BB6549294BF6A8000ADE4B /* OAuthExampleUITests.xctest */,
			);
			name = Products;
			sourceTree = "<group>";
		};
		45BB6530294BF6A7000ADE4B /* OAuthExample */ = {
			isa = PBXGroup;
			children = (
				45BB6560294BF87D000ADE4B /* Info.plist */,
				45BB655C294BF6FB000ADE4B /* AppDelegate.swift */,
				45BB6535294BF6A8000ADE4B /* Assets.xcassets */,
				45BB655E294BF84B000ADE4B /* LaunchScreen.storyboard */,
				45BB6537294BF6A8000ADE4B /* OAuthExample.entitlements */,
				45BB6538294BF6A8000ADE4B /* Preview Content */,
			);
			path = OAuthExample;
			sourceTree = "<group>";
		};
		45BB6538294BF6A8000ADE4B /* Preview Content */ = {
			isa = PBXGroup;
			children = (
				45BB6539294BF6A8000ADE4B /* Preview Assets.xcassets */,
			);
			path = "Preview Content";
			sourceTree = "<group>";
		};
		45BB6542294BF6A8000ADE4B /* OAuthExampleTests */ = {
			isa = PBXGroup;
			children = (
			);
			path = OAuthExampleTests;
			sourceTree = "<group>";
		};
		45BB654C294BF6A8000ADE4B /* OAuthExampleUITests */ = {
			isa = PBXGroup;
			children = (
			);
			path = OAuthExampleUITests;
			sourceTree = "<group>";
		};
/* End PBXGroup section */

/* Begin PBXNativeTarget section */
		45BB652D294BF6A7000ADE4B /* OAuthExample */ = {
			isa = PBXNativeTarget;
			buildConfigurationList = 45BB6553294BF6A8000ADE4B /* Build configuration list for PBXNativeTarget "OAuthExample" */;
			buildPhases = (
				45BB652A294BF6A7000ADE4B /* Sources */,
				45BB652B294BF6A7000ADE4B /* Frameworks */,
				45BB652C294BF6A7000ADE4B /* Resources */,
			);
			buildRules = (
			);
			dependencies = (
			);
			name = OAuthExample;
			packageProductDependencies = (
				4573D144294CB03B00E575EE /* OAuth */,
			);
			productName = OAuthExample;
			productReference = 45BB652E294BF6A7000ADE4B /* OAuthExample.app */;
			productType = "com.apple.product-type.application";
		};
		45BB653E294BF6A8000ADE4B /* OAuthExampleTests */ = {
			isa = PBXNativeTarget;
			buildConfigurationList = 45BB6556294BF6A8000ADE4B /* Build configuration list for PBXNativeTarget "OAuthExampleTests" */;
			buildPhases = (
				45BB653B294BF6A8000ADE4B /* Sources */,
				45BB653C294BF6A8000ADE4B /* Frameworks */,
				45BB653D294BF6A8000ADE4B /* Resources */,
			);
			buildRules = (
			);
			dependencies = (
				45BB6541294BF6A8000ADE4B /* PBXTargetDependency */,
			);
			name = OAuthExampleTests;
			productName = OAuthExampleTests;
			productReference = 45BB653F294BF6A8000ADE4B /* OAuthExampleTests.xctest */;
			productType = "com.apple.product-type.bundle.unit-test";
		};
		45BB6548294BF6A8000ADE4B /* OAuthExampleUITests */ = {
			isa = PBXNativeTarget;
			buildConfigurationList = 45BB6559294BF6A8000ADE4B /* Build configuration list for PBXNativeTarget "OAuthExampleUITests" */;
			buildPhases = (
				45BB6545294BF6A8000ADE4B /* Sources */,
				45BB6546294BF6A8000ADE4B /* Frameworks */,
				45BB6547294BF6A8000ADE4B /* Resources */,
			);
			buildRules = (
			);
			dependencies = (
				45BB654B294BF6A8000ADE4B /* PBXTargetDependency */,
			);
			name = OAuthExampleUITests;
			productName = OAuthExampleUITests;
			productReference = 45BB6549294BF6A8000ADE4B /* OAuthExampleUITests.xctest */;
			productType = "com.apple.product-type.bundle.ui-testing";
		};
/* End PBXNativeTarget section */

/* Begin PBXProject section */
		45BB6526294BF6A7000ADE4B /* Project object */ = {
			isa = PBXProject;
			attributes = {
				BuildIndependentTargetsInParallel = 1;
				LastSwiftUpdateCheck = 1400;
				LastUpgradeCheck = 2610;
				TargetAttributes = {
					45BB652D294BF6A7000ADE4B = {
						CreatedOnToolsVersion = 14.0;
					};
					45BB653E294BF6A8000ADE4B = {
						CreatedOnToolsVersion = 14.0;
						TestTargetID = 45BB652D294BF6A7000ADE4B;
					};
					45BB6548294BF6A8000ADE4B = {
						CreatedOnToolsVersion = 14.0;
						TestTargetID = 45BB652D294BF6A7000ADE4B;
					};
				};
			};
			buildConfigurationList = 45BB6529294BF6A7000ADE4B /* Build configuration list for PBXProject "OAuthExample" */;
			compatibilityVersion = "Xcode 14.0";
			developmentRegion = en;
			hasScannedForEncodings = 0;
			knownRegions = (
				en,
				Base,
			);
			mainGroup = 45BB6525294BF6A7000ADE4B;
			productRefGroup = 45BB652F294BF6A7000ADE4B /* Products */;
			projectDirPath = "";
			projectRoot = "";
			targets = (
				45BB652D294BF6A7000ADE4B /* OAuthExample */,
				45BB653E294BF6A8000ADE4B /* OAuthExampleTests */,
				45BB6548294BF6A8000ADE4B /* OAuthExampleUITests */,
			);
		};
/* End PBXProject section */

/* Begin PBXResourcesBuildPhase section */
		45BB652C294BF6A7000ADE4B /* Resources */ = {
			isa = PBXResourcesBuildPhase;
			buildActionMask = 2147483647;
			files = (
				45BB655F294BF84B000ADE4B /* LaunchScreen.storyboard in Resources */,
				45BB653A294BF6A8000ADE4B /* Preview Assets.xcassets in Resources */,
				45BB6536294BF6A8000ADE4B /* Assets.xcassets in Resources */,
			);
			runOnlyForDeploymentPostprocessing = 0;
		};
		45BB653D294BF6A8000ADE4B /* Resources */ = {
			isa = PBXResourcesBuildPhase;
			buildActionMask = 2147483647;
			files = (
			);
			runOnlyForDeploymentPostprocessing = 0;
		};
		45BB6547294BF6A8000ADE4B /* Resources */ = {
			isa = PBXResourcesBuildPhase;
			buildActionMask = 2147483647;
			files = (
			);
			runOnlyForDeploymentPostprocessing = 0;
		};
/* End PBXResourcesBuildPhase section */

/* Begin PBXSourcesBuildPhase section */
		45BB652A294BF6A7000ADE4B /* Sources */ = {
			isa = PBXSourcesBuildPhase;
			buildActionMask = 2147483647;
			files = (
				45BB655D294BF6FB000ADE4B /* AppDelegate.swift in Sources */,
			);
			runOnlyForDeploymentPostprocessing = 0;
		};
		45BB653B294BF6A8000ADE4B /* Sources */ = {
			isa = PBXSourcesBuildPhase;
			buildActionMask = 2147483647;
			files = (
			);
			runOnlyForDeploymentPostprocessing = 0;
		};
		45BB6545294BF6A8000ADE4B /* Sources */ = {
			isa = PBXSourcesBuildPhase;
			buildActionMask = 2147483647;
			files = (
			);
			runOnlyForDeploymentPostprocessing = 0;
		};
/* End PBXSourcesBuildPhase section */

/* Begin PBXTargetDependency section */
		45BB6541294BF6A8000ADE4B /* PBXTargetDependency */ = {
			isa = PBXTargetDependency;
			target = 45BB652D294BF6A7000ADE4B /* OAuthExample */;
			targetProxy = 45BB6540294BF6A8000ADE4B /* PBXContainerItemProxy */;
		};
		45BB654B294BF6A8000ADE4B /* PBXTargetDependency */ = {
			isa = PBXTargetDependency;
			target = 45BB652D294BF6A7000ADE4B /* OAuthExample */;
			targetProxy = 45BB654A294BF6A8000ADE4B /* PBXContainerItemProxy */;
		};
/* End PBXTargetDependency section */

/* Begin XCBuildConfiguration section */
		45BB6551294BF6A8000ADE4B /* Debug */ = {
			isa = XCBuildConfiguration;
			buildSettings = {
				ALWAYS_SEARCH_USER_PATHS = NO;
				CLANG_ANALYZER_NONNULL = YES;
				CLANG_ANALYZER_NUMBER_OBJECT_CONVERSION = YES_AGGRESSIVE;
				CLANG_CXX_LANGUAGE_STANDARD = "gnu++20";
				CLANG_ENABLE_MODULES = YES;
				CLANG_ENABLE_OBJC_ARC = YES;
				CLANG_ENABLE_OBJC_WEAK = YES;
				CLANG_WARN_BLOCK_CAPTURE_AUTORELEASING = YES;
				CLANG_WARN_BOOL_CONVERSION = YES;
				CLANG_WARN_COMMA = YES;
				CLANG_WARN_CONSTANT_CONVERSION = YES;
				CLANG_WARN_DEPRECATED_OBJC_IMPLEMENTATIONS = YES;
				CLANG_WARN_DIRECT_OBJC_ISA_USAGE = YES_ERROR;
				CLANG_WARN_DOCUMENTATION_COMMENTS = YES;
				CLANG_WARN_EMPTY_BODY = YES;
				CLANG_WARN_ENUM_CONVERSION = YES;
				CLANG_WARN_INFINITE_RECURSION = YES;
				CLANG_WARN_INT_CONVERSION = YES;
				CLANG_WARN_NON_LITERAL_NULL_CONVERSION = YES;
				CLANG_WARN_OBJC_IMPLICIT_RETAIN_SELF = YES;
				CLANG_WARN_OBJC_LITERAL_CONVERSION = YES;
				CLANG_WARN_OBJC_ROOT_CLASS = YES_ERROR;
				CLANG_WARN_QUOTED_INCLUDE_IN_FRAMEWORK_HEADER = YES;
				CLANG_WARN_RANGE_LOOP_ANALYSIS = YES;
				CLANG_WARN_STRICT_PROTOTYPES = YES;
				CLANG_WARN_SUSPICIOUS_MOVE = YES;
				CLANG_WARN_UNGUARDED_AVAILABILITY = YES_AGGRESSIVE;
				CLANG_WARN_UNREACHABLE_CODE = YES;
				CLANG_WARN__DUPLICATE_METHOD_MATCH = YES;
				COPY_PHASE_STRIP = NO;
				DEAD_CODE_STRIPPING = YES;
				DEBUG_INFORMATION_FORMAT = dwarf;
				DEVELOPMENT_TEAM = 9KUXNXY2SY;
				ENABLE_STRICT_OBJC_MSGSEND = YES;
				ENABLE_TESTABILITY = YES;
				ENABLE_USER_SCRIPT_SANDBOXING = YES;
				GCC_C_LANGUAGE_STANDARD = gnu11;
				GCC_DYNAMIC_NO_PIC = NO;
				GCC_NO_COMMON_BLOCKS = YES;
				GCC_OPTIMIZATION_LEVEL = 0;
				GCC_PREPROCESSOR_DEFINITIONS = (
					"DEBUG=1",
					"$(inherited)",
				);
				GCC_WARN_64_TO_32_BIT_CONVERSION = YES;
				GCC_WARN_ABOUT_RETURN_TYPE = YES_ERROR;
				GCC_WARN_UNDECLARED_SELECTOR = YES;
				GCC_WARN_UNINITIALIZED_AUTOS = YES_AGGRESSIVE;
				GCC_WARN_UNUSED_FUNCTION = YES;
				GCC_WARN_UNUSED_VARIABLE = YES;
				IPHONEOS_DEPLOYMENT_TARGET = 13.0;
				MTL_ENABLE_DEBUG_INFO = INCLUDE_SOURCE;
				MTL_FAST_MATH = YES;
				ONLY_ACTIVE_ARCH = YES;
				STRING_CATALOG_GENERATE_SYMBOLS = YES;
				SWIFT_ACTIVE_COMPILATION_CONDITIONS = DEBUG;
				SWIFT_OPTIMIZATION_LEVEL = "-Onone";
				SWIFT_STRICT_CONCURRENCY = complete;
			};
			name = Debug;
		};
		45BB6552294BF6A8000ADE4B /* Release */ = {
			isa = XCBuildConfiguration;
			buildSettings = {
				ALWAYS_SEARCH_USER_PATHS = NO;
				CLANG_ANALYZER_NONNULL = YES;
				CLANG_ANALYZER_NUMBER_OBJECT_CONVERSION = YES_AGGRESSIVE;
				CLANG_CXX_LANGUAGE_STANDARD = "gnu++20";
				CLANG_ENABLE_MODULES = YES;
				CLANG_ENABLE_OBJC_ARC = YES;
				CLANG_ENABLE_OBJC_WEAK = YES;
				CLANG_WARN_BLOCK_CAPTURE_AUTORELEASING = YES;
				CLANG_WARN_BOOL_CONVERSION = YES;
				CLANG_WARN_COMMA = YES;
				CLANG_WARN_CONSTANT_CONVERSION = YES;
				CLANG_WARN_DEPRECATED_OBJC_IMPLEMENTATIONS = YES;
				CLANG_WARN_DIRECT_OBJC_ISA_USAGE = YES_ERROR;
				CLANG_WARN_DOCUMENTATION_COMMENTS = YES;
				CLANG_WARN_EMPTY_BODY = YES;
				CLANG_WARN_ENUM_CONVERSION = YES;
				CLANG_WARN_INFINITE_RECURSION = YES;
				CLANG_WARN_INT_CONVERSION = YES;
				CLANG_WARN_NON_LITERAL_NULL_CONVERSION = YES;
				CLANG_WARN_OBJC_IMPLICIT_RETAIN_SELF = YES;
				CLANG_WARN_OBJC_LITERAL_CONVERSION = YES;
				CLANG_WARN_OBJC_ROOT_CLASS = YES_ERROR;
				CLANG_WARN_QUOTED_INCLUDE_IN_FRAMEWORK_HEADER = YES;
				CLANG_WARN_RANGE_LOOP_ANALYSIS = YES;
				CLANG_WARN_STRICT_PROTOTYPES = YES;
				CLANG_WARN_SUSPICIOUS_MOVE = YES;
				CLANG_WARN_UNGUARDED_AVAILABILITY = YES_AGGRESSIVE;
				CLANG_WARN_UNREACHABLE_CODE = YES;
				CLANG_WARN__DUPLICATE_METHOD_MATCH = YES;
				COPY_PHASE_STRIP = NO;
				DEAD_CODE_STRIPPING = YES;
				DEBUG_INFORMATION_FORMAT = "dwarf-with-dsym";
				DEVELOPMENT_TEAM = 9KUXNXY2SY;
				ENABLE_NS_ASSERTIONS = NO;
				ENABLE_STRICT_OBJC_MSGSEND = YES;
				ENABLE_USER_SCRIPT_SANDBOXING = YES;
				GCC_C_LANGUAGE_STANDARD = gnu11;
				GCC_NO_COMMON_BLOCKS = YES;
				GCC_WARN_64_TO_32_BIT_CONVERSION = YES;
				GCC_WARN_ABOUT_RETURN_TYPE = YES_ERROR;
				GCC_WARN_UNDECLARED_SELECTOR = YES;
				GCC_WARN_UNINITIALIZED_AUTOS = YES_AGGRESSIVE;
				GCC_WARN_UNUSED_FUNCTION = YES;
				GCC_WARN_UNUSED_VARIABLE = YES;
				IPHONEOS_DEPLOYMENT_TARGET = 13.0;
				MTL_ENABLE_DEBUG_INFO = NO;
				MTL_FAST_MATH = YES;
				STRING_CATALOG_GENERATE_SYMBOLS = YES;
				SWIFT_COMPILATION_MODE = wholemodule;
				SWIFT_OPTIMIZATION_LEVEL = "-O";
				SWIFT_STRICT_CONCURRENCY = complete;
			};
			name = Release;
		};
		45BB6554294BF6A8000ADE4B /* Debug */ = {
			isa = XCBuildConfiguration;
			buildSettings = {
				ASSETCATALOG_COMPILER_APPICON_NAME = AppIcon;
				ASSETCATALOG_COMPILER_GLOBAL_ACCENT_COLOR_NAME = AccentColor;
				CODE_SIGN_ENTITLEMENTS = OAuthExample/OAuthExample.entitlements;
				CODE_SIGN_STYLE = Automatic;
				CURRENT_PROJECT_VERSION = 1;
				DEAD_CODE_STRIPPING = YES;
				DEVELOPMENT_ASSET_PATHS = "\"OAuthExample/Preview Content\"";
				ENABLE_APP_SANDBOX = YES;
				ENABLE_HARDENED_RUNTIME = YES;
				ENABLE_PREVIEWS = YES;
				ENABLE_USER_SELECTED_FILES = readonly;
				GENERATE_INFOPLIST_FILE = YES;
				INFOPLIST_FILE = OAuthExample/Info.plist;
				"INFOPLIST_KEY_UIApplicationSupportsIndirectInputEvents[sdk=iphoneos*]" = YES;
				"INFOPLIST_KEY_UIApplicationSupportsIndirectInputEvents[sdk=iphonesimulator*]" = YES;
				"INFOPLIST_KEY_UILaunchScreen_Generation[sdk=iphoneos*]" = YES;
				"INFOPLIST_KEY_UILaunchScreen_Generation[sdk=iphonesimulator*]" = YES;
				INFOPLIST_KEY_UILaunchStoryboardName = LaunchScreen;
				"INFOPLIST_KEY_UIStatusBarStyle[sdk=iphoneos*]" = UIStatusBarStyleDefault;
				"INFOPLIST_KEY_UIStatusBarStyle[sdk=iphonesimulator*]" = UIStatusBarStyleDefault;
				INFOPLIST_KEY_UISupportedInterfaceOrientations = UIInterfaceOrientationPortrait;
				IPHONEOS_DEPLOYMENT_TARGET = 13.0;
				LD_RUNPATH_SEARCH_PATHS = "@executable_path/Frameworks";
				"LD_RUNPATH_SEARCH_PATHS[sdk=macosx*]" = "@executable_path/../Frameworks";
				MACOSX_DEPLOYMENT_TARGET = 12.3;
				MARKETING_VERSION = 1.0.0;
				PRODUCT_BUNDLE_IDENTIFIER = com.levi.OAuthExample;
				PRODUCT_NAME = "$(TARGET_NAME)";
				SDKROOT = auto;
				SUPPORTED_PLATFORMS = "iphoneos iphonesimulator";
				SUPPORTS_MACCATALYST = NO;
				SWIFT_EMIT_LOC_STRINGS = YES;
				SWIFT_VERSION = 5.0;
				TARGETED_DEVICE_FAMILY = 1;
			};
			name = Debug;
		};
		45BB6555294BF6A8000ADE4B /* Release */ = {
			isa = XCBuildConfiguration;
			buildSettings = {
				ASSETCATALOG_COMPILER_APPICON_NAME = AppIcon;
				ASSETCATALOG_COMPILER_GLOBAL_ACCENT_COLOR_NAME = AccentColor;
				CODE_SIGN_ENTITLEMENTS = OAuthExample/OAuthExample.entitlements;
				CODE_SIGN_STYLE = Automatic;
				CURRENT_PROJECT_VERSION = 1;
				DEAD_CODE_STRIPPING = YES;
				DEVELOPMENT_ASSET_PATHS = "\"OAuthExample/Preview Content\"";
				ENABLE_APP_SANDBOX = YES;
				ENABLE_HARDENED_RUNTIME = YES;
				ENABLE_PREVIEWS = YES;
				ENABLE_USER_SELECTED_FILES = readonly;
				GENERATE_INFOPLIST_FILE = YES;
				INFOPLIST_FILE = OAuthExample/Info.plist;
				"INFOPLIST_KEY_UIApplicationSupportsIndirectInputEvents[sdk=iphoneos*]" = YES;
				"INFOPLIST_KEY_UIApplicationSupportsIndirectInputEvents[sdk=iphonesimulator*]" = YES;
				"INFOPLIST_KEY_UILaunchScreen_Generation[sdk=iphoneos*]" = YES;
				"INFOPLIST_KEY_UILaunchScreen_Generation[sdk=iphonesimulator*]" = YES;
				INFOPLIST_KEY_UILaunchStoryboardName = LaunchScreen;
				"INFOPLIST_KEY_UIStatusBarStyle[sdk=iphoneos*]" = UIStatusBarStyleDefault;
				"INFOPLIST_KEY_UIStatusBarStyle[sdk=iphonesimulator*]" = UIStatusBarStyleDefault;
				INFOPLIST_KEY_UISupportedInterfaceOrientations = UIInterfaceOrientationPortrait;
				IPHONEOS_DEPLOYMENT_TARGET = 13.0;
				LD_RUNPATH_SEARCH_PATHS = "@executable_path/Frameworks";
				"LD_RUNPATH_SEARCH_PATHS[sdk=macosx*]" = "@executable_path/../Frameworks";
				MACOSX_DEPLOYMENT_TARGET = 12.3;
				MARKETING_VERSION = 1.0.0;
				PRODUCT_BUNDLE_IDENTIFIER = com.levi.OAuthExample;
				PRODUCT_NAME = "$(TARGET_NAME)";
				SDKROOT = auto;
				SUPPORTED_PLATFORMS = "iphoneos iphonesimulator";
				SUPPORTS_MACCATALYST = NO;
				SWIFT_EMIT_LOC_STRINGS = YES;
				SWIFT_VERSION = 5.0;
				TARGETED_DEVICE_FAMILY = 1;
			};
			name = Release;
		};
		45BB6557294BF6A8000ADE4B /* Debug */ = {
			isa = XCBuildConfiguration;
			buildSettings = {
				BUNDLE_LOADER = "$(TEST_HOST)";
				CODE_SIGN_STYLE = Automatic;
				CURRENT_PROJECT_VERSION = 1;
				DEAD_CODE_STRIPPING = YES;
				GENERATE_INFOPLIST_FILE = YES;
				IPHONEOS_DEPLOYMENT_TARGET = 13.0;
				MACOSX_DEPLOYMENT_TARGET = 12.3;
				MARKETING_VERSION = 1.0;
				PRODUCT_BUNDLE_IDENTIFIER = com.levi.OAuthExampleTests;
				PRODUCT_NAME = "$(TARGET_NAME)";
				SDKROOT = auto;
				SUPPORTED_PLATFORMS = "iphoneos iphonesimulator";
				SUPPORTS_MACCATALYST = NO;
				SWIFT_EMIT_LOC_STRINGS = NO;
				SWIFT_VERSION = 5.0;
				TARGETED_DEVICE_FAMILY = 1;
				TEST_HOST = "$(BUILT_PRODUCTS_DIR)/OAuthExample.app/$(BUNDLE_EXECUTABLE_FOLDER_PATH)/OAuthExample";
			};
			name = Debug;
		};
		45BB6558294BF6A8000ADE4B /* Release */ = {
			isa = XCBuildConfiguration;
			buildSettings = {
				BUNDLE_LOADER = "$(TEST_HOST)";
				CODE_SIGN_STYLE = Automatic;
				CURRENT_PROJECT_VERSION = 1;
				DEAD_CODE_STRIPPING = YES;
				GENERATE_INFOPLIST_FILE = YES;
				IPHONEOS_DEPLOYMENT_TARGET = 13.0;
				MACOSX_DEPLOYMENT_TARGET = 12.3;
				MARKETING_VERSION = 1.0;
				PRODUCT_BUNDLE_IDENTIFIER = com.levi.OAuthExampleTests;
				PRODUCT_NAME = "$(TARGET_NAME)";
				SDKROOT = auto;
				SUPPORTED_PLATFORMS = "iphoneos iphonesimulator";
				SUPPORTS_MACCATALYST = NO;
				SWIFT_EMIT_LOC_STRINGS = NO;
				SWIFT_VERSION = 5.0;
				TARGETED_DEVICE_FAMILY = 1;
				TEST_HOST = "$(BUILT_PRODUCTS_DIR)/OAuthExample.app/$(BUNDLE_EXECUTABLE_FOLDER_PATH)/OAuthExample";
			};
			name = Release;
		};
		45BB655A294BF6A8000ADE4B /* Debug */ = {
			isa = XCBuildConfiguration;
			buildSettings = {
				CODE_SIGN_STYLE = Automatic;
				CURRENT_PROJECT_VERSION = 1;
				DEAD_CODE_STRIPPING = YES;
				GENERATE_INFOPLIST_FILE = YES;
				IPHONEOS_DEPLOYMENT_TARGET = 13.0;
				MACOSX_DEPLOYMENT_TARGET = 12.3;
				MARKETING_VERSION = 1.0;
				PRODUCT_BUNDLE_IDENTIFIER = com.levi.OAuthExampleUITests;
				PRODUCT_NAME = "$(TARGET_NAME)";
				SDKROOT = auto;
				SUPPORTED_PLATFORMS = "iphoneos iphonesimulator";
				SUPPORTS_MACCATALYST = NO;
				SWIFT_EMIT_LOC_STRINGS = NO;
				SWIFT_VERSION = 5.0;
				TARGETED_DEVICE_FAMILY = 1;
				TEST_TARGET_NAME = OAuthExample;
			};
			name = Debug;
		};
		45BB655B294BF6A8000ADE4B /* Release */ = {
			isa = XCBuildConfiguration;
			buildSettings = {
				CODE_SIGN_STYLE = Automatic;
				CURRENT_PROJECT_VERSION = 1;
				DEAD_CODE_STRIPPING = YES;
				GENERATE_INFOPLIST_FILE = YES;
				IPHONEOS_DEPLOYMENT_TARGET = 13.0;
				MACOSX_DEPLOYMENT_TARGET = 12.3;
				MARKETING_VERSION = 1.0;
				PRODUCT_BUNDLE_IDENTIFIER = com.levi.OAuthExampleUITests;
				PRODUCT_NAME = "$(TARGET_NAME)";
				SDKROOT = auto;
				SUPPORTED_PLATFORMS = "iphoneos iphonesimulator";
				SUPPORTS_MACCATALYST = NO;
				SWIFT_EMIT_LOC_STRINGS = NO;
				SWIFT_VERSION = 5.0;
				TARGETED_DEVICE_FAMILY = 1;
				TEST_TARGET_NAME = OAuthExample;
			};
			name = Release;
		};
/* End XCBuildConfiguration section */

/* Begin XCConfigurationList section */
		45BB6529294BF6A7000ADE4B /* Build configuration list for PBXProject "OAuthExample" */ = {
			isa = XCConfigurationList;
			buildConfigurations = (
				45BB6551294BF6A8000ADE4B /* Debug */,
				45BB6552294BF6A8000ADE4B /* Release */,
			);
			defaultConfigurationIsVisible = 0;
			defaultConfigurationName = Release;
		};
		45BB6553294BF6A8000ADE4B /* Build configuration list for PBXNativeTarget "OAuthExample" */ = {
			isa = XCConfigurationList;
			buildConfigurations = (
				45BB6554294BF6A8000ADE4B /* Debug */,
				45BB6555294BF6A8000ADE4B /* Release */,
			);
			defaultConfigurationIsVisible = 0;
			defaultConfigurationName = Release;
		};
		45BB6556294BF6A8000ADE4B /* Build configuration list for PBXNativeTarget "OAuthExampleTests" */ = {
			isa = XCConfigurationList;
			buildConfigurations = (
				45BB6557294BF6A8000ADE4B /* Debug */,
				45BB6558294BF6A8000ADE4B /* Release */,
			);
			defaultConfigurationIsVisible = 0;
			defaultConfigurationName = Release;
		};
		45BB6559294BF6A8000ADE4B /* Build configuration list for PBXNativeTarget "OAuthExampleUITests" */ = {
			isa = XCConfigurationList;
			buildConfigurations = (
				45BB655A294BF6A8000ADE4B /* Debug */,
				45BB655B294BF6A8000ADE4B /* Release */,
			);
			defaultConfigurationIsVisible = 0;
			defaultConfigurationName = Release;
		};
/* End XCConfigurationList section */

/* Begin XCSwiftPackageProductDependency section */
		4573D144294CB03B00E575EE /* OAuth */ = {
			isa = XCSwiftPackageProductDependency;
			productName = OAuth;
		};
/* End XCSwiftPackageProductDependency section */
	};
	rootObject = 45BB6526294BF6A7000ADE4B /* Project object */;
}
